
Microsoft Visual Studio Solution File, Format Version 12.00
# Visual Studio Version 16
VisualStudioVersion = 16.0.31019.35
MinimumVisualStudioVersion = 10.0.40219.1
Project("{8BC9CEB8-8B4A-11D0-8D11-00A0C91BC942}") = "Sort_1", "Sort_1\Sort_1.vcxproj", "{EF682513-13FF-4CB8-9F75-2923FF426D6A}"
EndProject
Global
	GlobalSection(SolutionConfigurationPlatforms) = preSolution
		Debug|x64 = Debug|x64
		Debug|x86 = Debug|x86
		Release|x64 = Release|x64
		Release|x86 = Release|x86
	EndGlobalSection
	GlobalSection(ProjectConfigurationPlatforms) = postSolution
		{EF682513-13FF-4CB8-9F75-2923FF426D6A}.Debug|x64.ActiveCfg = Debug|x64
		{EF682513-13FF-4CB8-9F75-2923FF426D6A}.Debug|x64.Build.0 = Debug|x64
		{EF682513-13FF-4CB8-9F75-2923FF426D6A}.Debug|x86.ActiveCfg = Debug|Win32
		{EF682513-13FF-4CB8-9F75-2923FF426D6A}.Debug|x86.Build.0 = Debug|Win32
		{EF682513-13FF-4CB8-9F75-2923FF426D6A}.Release|x64.ActiveCfg = Release|x64
		{EF682513-13FF-4CB8-9F75-2923FF426D6A}.Release|x64.Build.0 = Release|x64
		{EF682513-13FF-4CB8-9F75-2923FF426D6A}.Release|x86.ActiveCfg = Release|Win32
		{EF682513-13FF-4CB8-9F75-2923FF426D6A}.Release|x86.Build.0 = Release|Win32
	EndGlobalSection
	GlobalSection(SolutionProperties) = preSolution
		HideSolutionNode = FALSE
	EndGlobalSection
	GlobalSection(ExtensibilityGlobals) = postSolution
		SolutionGuid = {84942946-5BAF-40D8-B2AA-3F5F00A6DE1D}
	EndGlobalSection
EndGlobal
